
Microsoft Visual Studio Solution File, Format Version 12.00
# Visual Studio Version 17
VisualStudioVersion = 17.7.34024.191
MinimumVisualStudioVersion = 10.0.40219.1
Project("{9A19103F-16F7-4668-BE54-9A1E7A4F7556}") = "WinFormsApps", "WinFormsApps\WinFormsApps.csproj", "{CB24FF74-33B9-40CB-AA7A-567660BA2948}"
EndProject
Project("{9A19103F-16F7-4668-BE54-9A1E7A4F7556}") = "WageCalculator", "WeightCalculator\WageCalculator.csproj", "{20B2E0E9-6143-40F7-9172-63403C9D4ACF}"
EndProject
Project("{9A19103F-16F7-4668-BE54-9A1E7A4F7556}") = "Labels", "Labels\Labels.csproj", "{58F8475B-DDC9-4A94-9F09-C0A423ADD189}"
EndProject
Project("{9A19103F-16F7-4668-BE54-9A1E7A4F7556}") = "GoodMorning", "GoodMorning\GoodMorning.csproj", "{B9C849B2-9316-4C66-A149-CC99B46ED31C}"
EndProject
Project("{9A19103F-16F7-4668-BE54-9A1E7A4F7556}") = "PictureBox", "PictureBox\PictureBox.csproj", "{CA357FC0-F232-4D31-8F47-590EE79A39A6}"
EndProject
Project("{9A19103F-16F7-4668-BE54-9A1E7A4F7556}") = "PictureBox2", "PictureBox2\PictureBox2.csproj", "{5C897373-E706-4D36-830A-55601BEB25A2}"
EndProject
Project("{9A19103F-16F7-4668-BE54-9A1E7A4F7556}") = "Flags", "Flags\Flags.csproj", "{CD42B6AF-F959-4A1A-B4A7-E7428CD8B34E}"
EndProject
Project("{9A19103F-16F7-4668-BE54-9A1E7A4F7556}") = "TrackBar", "TrackBar\TrackBar.csproj", "{C3AEE880-2B60-494B-B24A-CB78C4AF29D7}"
EndProject
Project("{9A19103F-16F7-4668-BE54-9A1E7A4F7556}") = "ComboBox", "ComboBox\ComboBox.csproj", "{D370AE91-006D-4396-8CDA-AB269D163D30}"
EndProject
Project("{9A19103F-16F7-4668-BE54-9A1E7A4F7556}") = "Distance Converter", "Distance Converter\Distance Converter.csproj", "{1E7D7755-A969-4C5F-AEF3-EAA296E5D06D}"
EndProject
Project("{9A19103F-16F7-4668-BE54-9A1E7A4F7556}") = "WebBrowser", "WebBrowser\WebBrowser.csproj", "{061865DA-0985-4AA4-9F20-37D7EDBF7853}"
EndProject
Project("{9A19103F-16F7-4668-BE54-9A1E7A4F7556}") = "Open File Dialogue", "Open File Dialogue\Open File Dialogue.csproj", "{67653286-EB29-4C40-BC90-DB554DA34D81}"
EndProject
Project("{9A19103F-16F7-4668-BE54-9A1E7A4F7556}") = "Text Editor App", "Text Editor App\Text Editor App.csproj", "{77150364-19E3-4C05-9999-16E52641B443}"
EndProject
Project("{9A19103F-16F7-4668-BE54-9A1E7A4F7556}") = "OpeningForms", "OpeningForms\OpeningForms.csproj", "{1ABBD4E7-07AE-48DE-AF0A-7879E7CF0CE6}"
EndProject
Project("{9A19103F-16F7-4668-BE54-9A1E7A4F7556}") = "MenuStrips and Tooltips", "MenuStrips and Tooltips\MenuStrips and Tooltips.csproj", "{60EDF9A9-987A-4A70-96E5-CD9E339BCC9F}"
EndProject
Project("{9A19103F-16F7-4668-BE54-9A1E7A4F7556}") = "Leaders of Rome", "Leaders of Rome\Leaders of Rome.csproj", "{C57F77DB-FE3C-4FB0-A921-340239C594E4}"
EndProject
Project("{9A19103F-16F7-4668-BE54-9A1E7A4F7556}") = "ProgressIndicator", "ProgressIndicator\ProgressIndicator.csproj", "{17FFF330-0404-4EA9-9F16-B4B8B8241CAF}"
EndProject
Project("{9A19103F-16F7-4668-BE54-9A1E7A4F7556}") = "MsAccessDatabase", "MsAccessDatabase\MsAccessDatabase.csproj", "{1183BCF0-70B0-496D-B2B3-82BF0DF2CA95}"
EndProject
Project("{FAE04EC0-301F-11D3-BF4B-00C04F79EFBC}") = "Login", "Login\Login.csproj", "{5B02BEAC-17BA-418D-B479-25C9FD40AAAF}"
EndProject
Global
	GlobalSection(SolutionConfigurationPlatforms) = preSolution
		Debug|Any CPU = Debug|Any CPU
		Release|Any CPU = Release|Any CPU
	EndGlobalSection
	GlobalSection(ProjectConfigurationPlatforms) = postSolution
		{CB24FF74-33B9-40CB-AA7A-567660BA2948}.Debug|Any CPU.ActiveCfg = Debug|Any CPU
		{CB24FF74-33B9-40CB-AA7A-567660BA2948}.Debug|Any CPU.Build.0 = Debug|Any CPU
		{CB24FF74-33B9-40CB-AA7A-567660BA2948}.Release|Any CPU.ActiveCfg = Release|Any CPU
		{CB24FF74-33B9-40CB-AA7A-567660BA2948}.Release|Any CPU.Build.0 = Release|Any CPU
		{20B2E0E9-6143-40F7-9172-63403C9D4ACF}.Debug|Any CPU.ActiveCfg = Debug|Any CPU
		{20B2E0E9-6143-40F7-9172-63403C9D4ACF}.Debug|Any CPU.Build.0 = Debug|Any CPU
		{20B2E0E9-6143-40F7-9172-63403C9D4ACF}.Release|Any CPU.ActiveCfg = Release|Any CPU
		{20B2E0E9-6143-40F7-9172-63403C9D4ACF}.Release|Any CPU.Build.0 = Release|Any CPU
		{58F8475B-DDC9-4A94-9F09-C0A423ADD189}.Debug|Any CPU.ActiveCfg = Debug|Any CPU
		{58F8475B-DDC9-4A94-9F09-C0A423ADD189}.Debug|Any CPU.Build.0 = Debug|Any CPU
		{58F8475B-DDC9-4A94-9F09-C0A423ADD189}.Release|Any CPU.ActiveCfg = Release|Any CPU
		{58F8475B-DDC9-4A94-9F09-C0A423ADD189}.Release|Any CPU.Build.0 = Release|Any CPU
		{B9C849B2-9316-4C66-A149-CC99B46ED31C}.Debug|Any CPU.ActiveCfg = Debug|Any CPU
		{B9C849B2-9316-4C66-A149-CC99B46ED31C}.Debug|Any CPU.Build.0 = Debug|Any CPU
		{B9C849B2-9316-4C66-A149-CC99B46ED31C}.Release|Any CPU.ActiveCfg = Release|Any CPU
		{B9C849B2-9316-4C66-A149-CC99B46ED31C}.Release|Any CPU.Build.0 = Release|Any CPU
		{CA357FC0-F232-4D31-8F47-590EE79A39A6}.Debug|Any CPU.ActiveCfg = Debug|Any CPU
		{CA357FC0-F232-4D31-8F47-590EE79A39A6}.Debug|Any CPU.Build.0 = Debug|Any CPU
		{CA357FC0-F232-4D31-8F47-590EE79A39A6}.Release|Any CPU.ActiveCfg = Release|Any CPU
		{CA357FC0-F232-4D31-8F47-590EE79A39A6}.Release|Any CPU.Build.0 = Release|Any CPU
		{5C897373-E706-4D36-830A-55601BEB25A2}.Debug|Any CPU.ActiveCfg = Debug|Any CPU
		{5C897373-E706-4D36-830A-55601BEB25A2}.Debug|Any CPU.Build.0 = Debug|Any CPU
		{5C897373-E706-4D36-830A-55601BEB25A2}.Release|Any CPU.ActiveCfg = Release|Any CPU
		{5C897373-E706-4D36-830A-55601BEB25A2}.Release|Any CPU.Build.0 = Release|Any CPU
		{CD42B6AF-F959-4A1A-B4A7-E7428CD8B34E}.Debug|Any CPU.ActiveCfg = Debug|Any CPU
		{CD42B6AF-F959-4A1A-B4A7-E7428CD8B34E}.Debug|Any CPU.Build.0 = Debug|Any CPU
		{CD42B6AF-F959-4A1A-B4A7-E7428CD8B34E}.Release|Any CPU.ActiveCfg = Release|Any CPU
		{CD42B6AF-F959-4A1A-B4A7-E7428CD8B34E}.Release|Any CPU.Build.0 = Release|Any CPU
		{C3AEE880-2B60-494B-B24A-CB78C4AF29D7}.Debug|Any CPU.ActiveCfg = Debug|Any CPU
		{C3AEE880-2B60-494B-B24A-CB78C4AF29D7}.Debug|Any CPU.Build.0 = Debug|Any CPU
		{C3AEE880-2B60-494B-B24A-CB78C4AF29D7}.Release|Any CPU.ActiveCfg = Release|Any CPU
		{C3AEE880-2B60-494B-B24A-CB78C4AF29D7}.Release|Any CPU.Build.0 = Release|Any CPU
		{D370AE91-006D-4396-8CDA-AB269D163D30}.Debug|Any CPU.ActiveCfg = Debug|Any CPU
		{D370AE91-006D-4396-8CDA-AB269D163D30}.Debug|Any CPU.Build.0 = Debug|Any CPU
		{D370AE91-006D-4396-8CDA-AB269D163D30}.Release|Any CPU.ActiveCfg = Release|Any CPU
		{D370AE91-006D-4396-8CDA-AB269D163D30}.Release|Any CPU.Build.0 = Release|Any CPU
		{1E7D7755-A969-4C5F-AEF3-EAA296E5D06D}.Debug|Any CPU.ActiveCfg = Debug|Any CPU
		{1E7D7755-A969-4C5F-AEF3-EAA296E5D06D}.Debug|Any CPU.Build.0 = Debug|Any CPU
		{1E7D7755-A969-4C5F-AEF3-EAA296E5D06D}.Release|Any CPU.ActiveCfg = Release|Any CPU
		{1E7D7755-A969-4C5F-AEF3-EAA296E5D06D}.Release|Any CPU.Build.0 = Release|Any CPU
		{061865DA-0985-4AA4-9F20-37D7EDBF7853}.Debug|Any CPU.ActiveCfg = Debug|Any CPU
		{061865DA-0985-4AA4-9F20-37D7EDBF7853}.Debug|Any CPU.Build.0 = Debug|Any CPU
		{061865DA-0985-4AA4-9F20-37D7EDBF7853}.Release|Any CPU.ActiveCfg = Release|Any CPU
		{061865DA-0985-4AA4-9F20-37D7EDBF7853}.Release|Any CPU.Build.0 = Release|Any CPU
		{67653286-EB29-4C40-BC90-DB554DA34D81}.Debug|Any CPU.ActiveCfg = Debug|Any CPU
		{67653286-EB29-4C40-BC90-DB554DA34D81}.Debug|Any CPU.Build.0 = Debug|Any CPU
		{67653286-EB29-4C40-BC90-DB554DA34D81}.Release|Any CPU.ActiveCfg = Release|Any CPU
		{67653286-EB29-4C40-BC90-DB554DA34D81}.Release|Any CPU.Build.0 = Release|Any CPU
		{77150364-19E3-4C05-9999-16E52641B443}.Debug|Any CPU.ActiveCfg = Debug|Any CPU
		{77150364-19E3-4C05-9999-16E52641B443}.Debug|Any CPU.Build.0 = Debug|Any CPU
		{77150364-19E3-4C05-9999-16E52641B443}.Release|Any CPU.ActiveCfg = Release|Any CPU
		{77150364-19E3-4C05-9999-16E52641B443}.Release|Any CPU.Build.0 = Release|Any CPU
		{1ABBD4E7-07AE-48DE-AF0A-7879E7CF0CE6}.Debug|Any CPU.ActiveCfg = Debug|Any CPU
		{1ABBD4E7-07AE-48DE-AF0A-7879E7CF0CE6}.Debug|Any CPU.Build.0 = Debug|Any CPU
		{1ABBD4E7-07AE-48DE-AF0A-7879E7CF0CE6}.Release|Any CPU.ActiveCfg = Release|Any CPU
		{1ABBD4E7-07AE-48DE-AF0A-7879E7CF0CE6}.Release|Any CPU.Build.0 = Release|Any CPU
		{60EDF9A9-987A-4A70-96E5-CD9E339BCC9F}.Debug|Any CPU.ActiveCfg = Debug|Any CPU
		{60EDF9A9-987A-4A70-96E5-CD9E339BCC9F}.Debug|Any CPU.Build.0 = Debug|Any CPU
		{60EDF9A9-987A-4A70-96E5-CD9E339BCC9F}.Release|Any CPU.ActiveCfg = Release|Any CPU
		{60EDF9A9-987A-4A70-96E5-CD9E339BCC9F}.Release|Any CPU.Build.0 = Release|Any CPU
		{C57F77DB-FE3C-4FB0-A921-340239C594E4}.Debug|Any CPU.ActiveCfg = Debug|Any CPU
		{C57F77DB-FE3C-4FB0-A921-340239C594E4}.Debug|Any CPU.Build.0 = Debug|Any CPU
		{C57F77DB-FE3C-4FB0-A921-340239C594E4}.Release|Any CPU.ActiveCfg = Release|Any CPU
		{C57F77DB-FE3C-4FB0-A921-340239C594E4}.Release|Any CPU.Build.0 = Release|Any CPU
		{17FFF330-0404-4EA9-9F16-B4B8B8241CAF}.Debug|Any CPU.ActiveCfg = Debug|Any CPU
		{17FFF330-0404-4EA9-9F16-B4B8B8241CAF}.Debug|Any CPU.Build.0 = Debug|Any CPU
		{17FFF330-0404-4EA9-9F16-B4B8B8241CAF}.Release|Any CPU.ActiveCfg = Release|Any CPU
		{17FFF330-0404-4EA9-9F16-B4B8B8241CAF}.Release|Any CPU.Build.0 = Release|Any CPU
		{1183BCF0-70B0-496D-B2B3-82BF0DF2CA95}.Debug|Any CPU.ActiveCfg = Debug|Any CPU
		{1183BCF0-70B0-496D-B2B3-82BF0DF2CA95}.Debug|Any CPU.Build.0 = Debug|Any CPU
		{1183BCF0-70B0-496D-B2B3-82BF0DF2CA95}.Release|Any CPU.ActiveCfg = Release|Any CPU
		{1183BCF0-70B0-496D-B2B3-82BF0DF2CA95}.Release|Any CPU.Build.0 = Release|Any CPU
		{5B02BEAC-17BA-418D-B479-25C9FD40AAAF}.Debug|Any CPU.ActiveCfg = Debug|Any CPU
		{5B02BEAC-17BA-418D-B479-25C9FD40AAAF}.Debug|Any CPU.Build.0 = Debug|Any CPU
		{5B02BEAC-17BA-418D-B479-25C9FD40AAAF}.Release|Any CPU.ActiveCfg = Release|Any CPU
		{5B02BEAC-17BA-418D-B479-25C9FD40AAAF}.Release|Any CPU.Build.0 = Release|Any CPU
	EndGlobalSection
	GlobalSection(SolutionProperties) = preSolution
		HideSolutionNode = FALSE
	EndGlobalSection
	GlobalSection(ExtensibilityGlobals) = postSolution
		SolutionGuid = {BDEA5384-1C7A-46AD-B2C5-6B01B628FDDA}
	EndGlobalSection
EndGlobal
